
Microsoft Visual Studio Solution File, Format Version 12.00
Project("{FAE04EC0-301F-11D3-BF4B-00C04F79EFBC}") = "PdfCompare", "Sources\PdfCompare\PdfCompare.csproj", "{9D1CFFB1-4A08-4AA6-BD49-52C839056598}"
EndProject
Project("{FAE04EC0-301F-11D3-BF4B-00C04F79EFBC}") = "PdfCompare.Tests", "Tests\PdfCompare.Tests\PdfCompare.Tests.csproj", "{04EC1BAF-00CC-46DE-8477-A67CDEEDFF68}"
EndProject
Global
	GlobalSection(SolutionConfigurationPlatforms) = preSolution
		Debug|Any CPU = Debug|Any CPU
		Release|Any CPU = Release|Any CPU
	EndGlobalSection
	GlobalSection(ProjectConfigurationPlatforms) = postSolution
		{9D1CFFB1-4A08-4AA6-BD49-52C839056598}.Debug|Any CPU.ActiveCfg = Debug|Any CPU
		{9D1CFFB1-4A08-4AA6-BD49-52C839056598}.Debug|Any CPU.Build.0 = Debug|Any CPU
		{9D1CFFB1-4A08-4AA6-BD49-52C839056598}.Release|Any CPU.ActiveCfg = Release|Any CPU
		{9D1CFFB1-4A08-4AA6-BD49-52C839056598}.Release|Any CPU.Build.0 = Release|Any CPU
		{04EC1BAF-00CC-46DE-8477-A67CDEEDFF68}.Debug|Any CPU.ActiveCfg = Debug|Any CPU
		{04EC1BAF-00CC-46DE-8477-A67CDEEDFF68}.Debug|Any CPU.Build.0 = Debug|Any CPU
		{04EC1BAF-00CC-46DE-8477-A67CDEEDFF68}.Release|Any CPU.ActiveCfg = Release|Any CPU
		{04EC1BAF-00CC-46DE-8477-A67CDEEDFF68}.Release|Any CPU.Build.0 = Release|Any CPU
	EndGlobalSection
EndGlobal
